// !$*UTF8*$!
{
	archiveVersion = 1;
	classes = {
	};
	objectVersion = 56;
	objects = {

/* Begin PBXBuildFile section */
		E67D3D8D2AE319D3000B87F8 /* CategoryPickerViewController.swift in Sources */ = {isa = PBXBuildFile; fileRef = E67D3D8C2AE319D3000B87F8 /* CategoryPickerViewController.swift */; };
		E69FFAB02AE1DAA5005C85B7 /* LocationDetailsTableViewController.swift in Sources */ = {isa = PBXBuildFile; fileRef = E69FFAAF2AE1DAA5005C85B7 /* LocationDetailsTableViewController.swift */; };
		E6F361832AE035CC003C832A /* AppDelegate.swift in Sources */ = {isa = PBXBuildFile; fileRef = E6F361822AE035CC003C832A /* AppDelegate.swift */; };
		E6F361852AE035CC003C832A /* SceneDelegate.swift in Sources */ = {isa = PBXBuildFile; fileRef = E6F361842AE035CC003C832A /* SceneDelegate.swift */; };
		E6F361872AE035CC003C832A /* CurrentLocationViewController.swift in Sources */ = {isa = PBXBuildFile; fileRef = E6F361862AE035CC003C832A /* CurrentLocationViewController.swift */; };
		E6F3618A2AE035CC003C832A /* Main.storyboard in Resources */ = {isa = PBXBuildFile; fileRef = E6F361882AE035CC003C832A /* Main.storyboard */; };
		E6F3618C2AE035CF003C832A /* Assets.xcassets in Resources */ = {isa = PBXBuildFile; fileRef = E6F3618B2AE035CF003C832A /* Assets.xcassets */; };
		E6F3618F2AE035CF003C832A /* LaunchScreen.storyboard in Resources */ = {isa = PBXBuildFile; fileRef = E6F3618D2AE035CF003C832A /* LaunchScreen.storyboard */; };
		E6F3619A2AE035CF003C832A /* MyLocationsTests.swift in Sources */ = {isa = PBXBuildFile; fileRef = E6F361992AE035CF003C832A /* MyLocationsTests.swift */; };
		E6F361A42AE035CF003C832A /* MyLocationsUITests.swift in Sources */ = {isa = PBXBuildFile; fileRef = E6F361A32AE035CF003C832A /* MyLocationsUITests.swift */; };
		E6F361A62AE035CF003C832A /* MyLocationsUITestsLaunchTests.swift in Sources */ = {isa = PBXBuildFile; fileRef = E6F361A52AE035CF003C832A /* MyLocationsUITestsLaunchTests.swift */; };
/* End PBXBuildFile section */

/* Begin PBXContainerItemProxy section */
		E6F361962AE035CF003C832A /* PBXContainerItemProxy */ = {
			isa = PBXContainerItemProxy;
			containerPortal = E6F361772AE035CC003C832A /* Project object */;
			proxyType = 1;
			remoteGlobalIDString = E6F3617E2AE035CC003C832A;
			remoteInfo = MyLocations;
		};
		E6F361A02AE035CF003C832A /* PBXContainerItemProxy */ = {
			isa = PBXContainerItemProxy;
			containerPortal = E6F361772AE035CC003C832A /* Project object */;
			proxyType = 1;
			remoteGlobalIDString = E6F3617E2AE035CC003C832A;
			remoteInfo = MyLocations;
		};
/* End PBXContainerItemProxy section */

/* Begin PBXFileReference section */
		E67D3D8C2AE319D3000B87F8 /* CategoryPickerViewController.swift */ = {isa = PBXFileReference; lastKnownFileType = sourcecode.swift; path = CategoryPickerViewController.swift; sourceTree = "<group>"; };
		E69FFAAF2AE1DAA5005C85B7 /* LocationDetailsTableViewController.swift */ = {isa = PBXFileReference; lastKnownFileType = sourcecode.swift; path = LocationDetailsTableViewController.swift; sourceTree = "<group>"; };
		E6F3617F2AE035CC003C832A /* MyLocations.app */ = {isa = PBXFileReference; explicitFileType = wrapper.application; includeInIndex = 0; path = MyLocations.app; sourceTree = BUILT_PRODUCTS_DIR; };
		E6F361822AE035CC003C832A /* AppDelegate.swift */ = {isa = PBXFileReference; lastKnownFileType = sourcecode.swift; path = AppDelegate.swift; sourceTree = "<group>"; };
		E6F361842AE035CC003C832A /* SceneDelegate.swift */ = {isa = PBXFileReference; lastKnownFileType = sourcecode.swift; path = SceneDelegate.swift; sourceTree = "<group>"; };
		E6F361862AE035CC003C832A /* CurrentLocationViewController.swift */ = {isa = PBXFileReference; lastKnownFileType = sourcecode.swift; path = CurrentLocationViewController.swift; sourceTree = "<group>"; };
		E6F361892AE035CC003C832A /* Base */ = {isa = PBXFileReference; lastKnownFileType = file.storyboard; name = Base; path = Base.lproj/Main.storyboard; sourceTree = "<group>"; };
		E6F3618B2AE035CF003C832A /* Assets.xcassets */ = {isa = PBXFileReference; lastKnownFileType = folder.assetcatalog; path = Assets.xcassets; sourceTree = "<group>"; };
		E6F3618E2AE035CF003C832A /* Base */ = {isa = PBXFileReference; lastKnownFileType = file.storyboard; name = Base; path = Base.lproj/LaunchScreen.storyboard; sourceTree = "<group>"; };
		E6F361902AE035CF003C832A /* Info.plist */ = {isa = PBXFileReference; lastKnownFileType = text.plist.xml; path = Info.plist; sourceTree = "<group>"; };
		E6F361952AE035CF003C832A /* MyLocationsTests.xctest */ = {isa = PBXFileReference; explicitFileType = wrapper.cfbundle; includeInIndex = 0; path = MyLocationsTests.xctest; sourceTree = BUILT_PRODUCTS_DIR; };
		E6F361992AE035CF003C832A /* MyLocationsTests.swift */ = {isa = PBXFileReference; lastKnownFileType = sourcecode.swift; path = MyLocationsTests.swift; sourceTree = "<group>"; };
		E6F3619F2AE035CF003C832A /* MyLocationsUITests.xctest */ = {isa = PBXFileReference; explicitFileType = wrapper.cfbundle; includeInIndex = 0; path = MyLocationsUITests.xctest; sourceTree = BUILT_PRODUCTS_DIR; };
		E6F361A32AE035CF003C832A /* MyLocationsUITests.swift */ = {isa = PBXFileReference; lastKnownFileType = sourcecode.swift; path = MyLocationsUITests.swift; sourceTree = "<group>"; };
		E6F361A52AE035CF003C832A /* MyLocationsUITestsLaunchTests.swift */ = {isa = PBXFileReference; lastKnownFileType = sourcecode.swift; path = MyLocationsUITestsLaunchTests.swift; sourceTree = "<group>"; };
/* End PBXFileReference section */

/* Begin PBXFrameworksBuildPhase section */
		E6F3617C2AE035CC003C832A /* Frameworks */ = {
			isa = PBXFrameworksBuildPhase;
			buildActionMask = 2147483647;
			files = (
			);
			runOnlyForDeploymentPostprocessing = 0;
		};
		E6F361922AE035CF003C832A /* Frameworks */ = {
			isa = PBXFrameworksBuildPhase;
			buildActionMask = 2147483647;
			files = (
			);
			runOnlyForDeploymentPostprocessing = 0;
		};
		E6F3619C2AE035CF003C832A /* Frameworks */ = {
			isa = PBXFrameworksBuildPhase;
			buildActionMask = 2147483647;
			files = (
			);
			runOnlyForDeploymentPostprocessing = 0;
		};
/* End PBXFrameworksBuildPhase section */

/* Begin PBXGroup section */
		E6F361762AE035CC003C832A = {
			isa = PBXGroup;
			children = (
				E6F361812AE035CC003C832A /* MyLocations */,
				E6F361982AE035CF003C832A /* MyLocationsTests */,
				E6F361A22AE035CF003C832A /* MyLocationsUITests */,
				E6F361802AE035CC003C832A /* Products */,
			);
			sourceTree = "<group>";
		};
		E6F361802AE035CC003C832A /* Products */ = {
			isa = PBXGroup;
			children = (
				E6F3617F2AE035CC003C832A /* MyLocations.app */,
				E6F361952AE035CF003C832A /* MyLocationsTests.xctest */,
				E6F3619F2AE035CF003C832A /* MyLocationsUITests.xctest */,
			);
			name = Products;
			sourceTree = "<group>";
		};
		E6F361812AE035CC003C832A /* MyLocations */ = {
			isa = PBXGroup;
			children = (
				E6F361822AE035CC003C832A /* AppDelegate.swift */,
				E6F361842AE035CC003C832A /* SceneDelegate.swift */,
				E6F361862AE035CC003C832A /* CurrentLocationViewController.swift */,
				E6F361882AE035CC003C832A /* Main.storyboard */,
				E6F3618B2AE035CF003C832A /* Assets.xcassets */,
				E6F3618D2AE035CF003C832A /* LaunchScreen.storyboard */,
				E6F361902AE035CF003C832A /* Info.plist */,
				E69FFAAF2AE1DAA5005C85B7 /* LocationDetailsTableViewController.swift */,
				E67D3D8C2AE319D3000B87F8 /* CategoryPickerViewController.swift */,
			);
			path = MyLocations;
			sourceTree = "<group>";
		};
		E6F361982AE035CF003C832A /* MyLocationsTests */ = {
			isa = PBXGroup;
			children = (
				E6F361992AE035CF003C832A /* MyLocationsTests.swift */,
			);
			path = MyLocationsTests;
			sourceTree = "<group>";
		};
		E6F361A22AE035CF003C832A /* MyLocationsUITests */ = {
			isa = PBXGroup;
			children = (
				E6F361A32AE035CF003C832A /* MyLocationsUITests.swift */,
				E6F361A52AE035CF003C832A /* MyLocationsUITestsLaunchTests.swift */,
			);
			path = MyLocationsUITests;
			sourceTree = "<group>";
		};
/* End PBXGroup section */

/* Begin PBXNativeTarget section */
		E6F3617E2AE035CC003C832A /* MyLocations */ = {
			isa = PBXNativeTarget;
			buildConfigurationList = E6F361A92AE035CF003C832A /* Build configuration list for PBXNativeTarget "MyLocations" */;
			buildPhases = (
				E6F3617B2AE035CC003C832A /* Sources */,
				E6F3617C2AE035CC003C832A /* Frameworks */,
				E6F3617D2AE035CC003C832A /* Resources */,
			);
			buildRules = (
			);
			dependencies = (
			);
			name = MyLocations;
			productName = MyLocations;
			productReference = E6F3617F2AE035CC003C832A /* MyLocations.app */;
			productType = "com.apple.product-type.application";
		};
		E6F361942AE035CF003C832A /* MyLocationsTests */ = {
			isa = PBXNativeTarget;
			buildConfigurationList = E6F361AC2AE035CF003C832A /* Build configuration list for PBXNativeTarget "MyLocationsTests" */;
			buildPhases = (
				E6F361912AE035CF003C832A /* Sources */,
				E6F361922AE035CF003C832A /* Frameworks */,
				E6F361932AE035CF003C832A /* Resources */,
			);
			buildRules = (
			);
			dependencies = (
				E6F361972AE035CF003C832A /* PBXTargetDependency */,
			);
			name = MyLocationsTests;
			productName = MyLocationsTests;
			productReference = E6F361952AE035CF003C832A /* MyLocationsTests.xctest */;
			productType = "com.apple.product-type.bundle.unit-test";
		};
		E6F3619E2AE035CF003C832A /* MyLocationsUITests */ = {
			isa = PBXNativeTarget;
			buildConfigurationList = E6F361AF2AE035CF003C832A /* Build configuration list for PBXNativeTarget "MyLocationsUITests" */;
			buildPhases = (
				E6F3619B2AE035CF003C832A /* Sources */,
				E6F3619C2AE035CF003C832A /* Frameworks */,
				E6F3619D2AE035CF003C832A /* Resources */,
			);
			buildRules = (
			);
			dependencies = (
				E6F361A12AE035CF003C832A /* PBXTargetDependency */,
			);
			name = MyLocationsUITests;
			productName = MyLocationsUITests;
			productReference = E6F3619F2AE035CF003C832A /* MyLocationsUITests.xctest */;
			productType = "com.apple.product-type.bundle.ui-testing";
		};
/* End PBXNativeTarget section */

/* Begin PBXProject section */
		E6F361772AE035CC003C832A /* Project object */ = {
			isa = PBXProject;
			attributes = {
				BuildIndependentTargetsInParallel = 1;
				LastSwiftUpdateCheck = 1500;
				LastUpgradeCheck = 1500;
				TargetAttributes = {
					E6F3617E2AE035CC003C832A = {
						CreatedOnToolsVersion = 15.0;
					};
					E6F361942AE035CF003C832A = {
						CreatedOnToolsVersion = 15.0;
						TestTargetID = E6F3617E2AE035CC003C832A;
					};
					E6F3619E2AE035CF003C832A = {
						CreatedOnToolsVersion = 15.0;
						TestTargetID = E6F3617E2AE035CC003C832A;
					};
				};
			};
			buildConfigurationList = E6F3617A2AE035CC003C832A /* Build configuration list for PBXProject "MyLocations" */;
			compatibilityVersion = "Xcode 14.0";
			developmentRegion = en;
			hasScannedForEncodings = 0;
			knownRegions = (
				en,
				Base,
			);
			mainGroup = E6F361762AE035CC003C832A;
			productRefGroup = E6F361802AE035CC003C832A /* Products */;
			projectDirPath = "";
			projectRoot = "";
			targets = (
				E6F3617E2AE035CC003C832A /* MyLocations */,
				E6F361942AE035CF003C832A /* MyLocationsTests */,
				E6F3619E2AE035CF003C832A /* MyLocationsUITests */,
			);
		};
/* End PBXProject section */

/* Begin PBXResourcesBuildPhase section */
		E6F3617D2AE035CC003C832A /* Resources */ = {
			isa = PBXResourcesBuildPhase;
			buildActionMask = 2147483647;
			files = (
				E6F3618F2AE035CF003C832A /* LaunchScreen.storyboard in Resources */,
				E6F3618C2AE035CF003C832A /* Assets.xcassets in Resources */,
				E6F3618A2AE035CC003C832A /* Main.storyboard in Resources */,
			);
			runOnlyForDeploymentPostprocessing = 0;
		};
		E6F361932AE035CF003C832A /* Resources */ = {
			isa = PBXResourcesBuildPhase;
			buildActionMask = 2147483647;
			files = (
			);
			runOnlyForDeploymentPostprocessing = 0;
		};
		E6F3619D2AE035CF003C832A /* Resources */ = {
			isa = PBXResourcesBuildPhase;
			buildActionMask = 2147483647;
			files = (
			);
			runOnlyForDeploymentPostprocessing = 0;
		};
/* End PBXResourcesBuildPhase section */

/* Begin PBXSourcesBuildPhase section */
		E6F3617B2AE035CC003C832A /* Sources */ = {
			isa = PBXSourcesBuildPhase;
			buildActionMask = 2147483647;
			files = (
				E6F361872AE035CC003C832A /* CurrentLocationViewController.swift in Sources */,
				E69FFAB02AE1DAA5005C85B7 /* LocationDetailsTableViewController.swift in Sources */,
				E6F361832AE035CC003C832A /* AppDelegate.swift in Sources */,
				E67D3D8D2AE319D3000B87F8 /* CategoryPickerViewController.swift in Sources */,
				E6F361852AE035CC003C832A /* SceneDelegate.swift in Sources */,
			);
			runOnlyForDeploymentPostprocessing = 0;
		};
		E6F361912AE035CF003C832A /* Sources */ = {
			isa = PBXSourcesBuildPhase;
			buildActionMask = 2147483647;
			files = (
				E6F3619A2AE035CF003C832A /* MyLocationsTests.swift in Sources */,
			);
			runOnlyForDeploymentPostprocessing = 0;
		};
		E6F3619B2AE035CF003C832A /* Sources */ = {
			isa = PBXSourcesBuildPhase;
			buildActionMask = 2147483647;
			files = (
				E6F361A42AE035CF003C832A /* MyLocationsUITests.swift in Sources */,
				E6F361A62AE035CF003C832A /* MyLocationsUITestsLaunchTests.swift in Sources */,
			);
			runOnlyForDeploymentPostprocessing = 0;
		};
/* End PBXSourcesBuildPhase section */

/* Begin PBXTargetDependency section */
		E6F361972AE035CF003C832A /* PBXTargetDependency */ = {
			isa = PBXTargetDependency;
			target = E6F3617E2AE035CC003C832A /* MyLocations */;
			targetProxy = E6F361962AE035CF003C832A /* PBXContainerItemProxy */;
		};
		E6F361A12AE035CF003C832A /* PBXTargetDependency */ = {
			isa = PBXTargetDependency;
			target = E6F3617E2AE035CC003C832A /* MyLocations */;
			targetProxy = E6F361A02AE035CF003C832A /* PBXContainerItemProxy */;
		};
/* End PBXTargetDependency section */

/* Begin PBXVariantGroup section */
		E6F361882AE035CC003C832A /* Main.storyboard */ = {
			isa = PBXVariantGroup;
			children = (
				E6F361892AE035CC003C832A /* Base */,
			);
			name = Main.storyboard;
			sourceTree = "<group>";
		};
		E6F3618D2AE035CF003C832A /* LaunchScreen.storyboard */ = {
			isa = PBXVariantGroup;
			children = (
				E6F3618E2AE035CF003C832A /* Base */,
			);
			name = LaunchScreen.storyboard;
			sourceTree = "<group>";
		};
/* End PBXVariantGroup section */

/* Begin XCBuildConfiguration section */
		E6F361A72AE035CF003C832A /* Debug */ = {
			isa = XCBuildConfiguration;
			buildSettings = {
				ALWAYS_SEARCH_USER_PATHS = NO;
				ASSETCATALOG_COMPILER_GENERATE_SWIFT_ASSET_SYMBOL_EXTENSIONS = YES;
				CLANG_ANALYZER_NONNULL = YES;
				CLANG_ANALYZER_NUMBER_OBJECT_CONVERSION = YES_AGGRESSIVE;
				CLANG_CXX_LANGUAGE_STANDARD = "gnu++20";
				CLANG_ENABLE_MODULES = YES;
				CLANG_ENABLE_OBJC_ARC = YES;
				CLANG_ENABLE_OBJC_WEAK = YES;
				CLANG_WARN_BLOCK_CAPTURE_AUTORELEASING = YES;
				CLANG_WARN_BOOL_CONVERSION = YES;
				CLANG_WARN_COMMA = YES;
				CLANG_WARN_CONSTANT_CONVERSION = YES;
				CLANG_WARN_DEPRECATED_OBJC_IMPLEMENTATIONS = YES;
				CLANG_WARN_DIRECT_OBJC_ISA_USAGE = YES_ERROR;
				CLANG_WARN_DOCUMENTATION_COMMENTS = YES;
				CLANG_WARN_EMPTY_BODY = YES;
				CLANG_WARN_ENUM_CONVERSION = YES;
				CLANG_WARN_INFINITE_RECURSION = YES;
				CLANG_WARN_INT_CONVERSION = YES;
				CLANG_WARN_NON_LITERAL_NULL_CONVERSION = YES;
				CLANG_WARN_OBJC_IMPLICIT_RETAIN_SELF = YES;
				CLANG_WARN_OBJC_LITERAL_CONVERSION = YES;
				CLANG_WARN_OBJC_ROOT_CLASS = YES_ERROR;
				CLANG_WARN_QUOTED_INCLUDE_IN_FRAMEWORK_HEADER = YES;
				CLANG_WARN_RANGE_LOOP_ANALYSIS = YES;
				CLANG_WARN_STRICT_PROTOTYPES = YES;
				CLANG_WARN_SUSPICIOUS_MOVE = YES;
				CLANG_WARN_UNGUARDED_AVAILABILITY = YES_AGGRESSIVE;
				CLANG_WARN_UNREACHABLE_CODE = YES;
				CLANG_WARN__DUPLICATE_METHOD_MATCH = YES;
				COPY_PHASE_STRIP = NO;
				DEBUG_INFORMATION_FORMAT = dwarf;
				ENABLE_STRICT_OBJC_MSGSEND = YES;
				ENABLE_TESTABILITY = YES;
				ENABLE_USER_SCRIPT_SANDBOXING = YES;
				GCC_C_LANGUAGE_STANDARD = gnu17;
				GCC_DYNAMIC_NO_PIC = NO;
				GCC_NO_COMMON_BLOCKS = YES;
				GCC_OPTIMIZATION_LEVEL = 0;
				GCC_PREPROCESSOR_DEFINITIONS = (
					"DEBUG=1",
					"$(inherited)",
				);
				GCC_WARN_64_TO_32_BIT_CONVERSION = YES;
				GCC_WARN_ABOUT_RETURN_TYPE = YES_ERROR;
				GCC_WARN_UNDECLARED_SELECTOR = YES;
				GCC_WARN_UNINITIALIZED_AUTOS = YES_AGGRESSIVE;
				GCC_WARN_UNUSED_FUNCTION = YES;
				GCC_WARN_UNUSED_VARIABLE = YES;
				IPHONEOS_DEPLOYMENT_TARGET = 17.0;
				LOCALIZATION_PREFERS_STRING_CATALOGS = YES;
				MTL_ENABLE_DEBUG_INFO = INCLUDE_SOURCE;
				MTL_FAST_MATH = YES;
				ONLY_ACTIVE_ARCH = YES;
				SDKROOT = iphoneos;
				SWIFT_ACTIVE_COMPILATION_CONDITIONS = "DEBUG $(inherited)";
				SWIFT_OPTIMIZATION_LEVEL = "-Onone";
			};
			name = Debug;
		};
		E6F361A82AE035CF003C832A /* Release */ = {
			isa = XCBuildConfiguration;
			buildSettings = {
				ALWAYS_SEARCH_USER_PATHS = NO;
				ASSETCATALOG_COMPILER_GENERATE_SWIFT_ASSET_SYMBOL_EXTENSIONS = YES;
				CLANG_ANALYZER_NONNULL = YES;
				CLANG_ANALYZER_NUMBER_OBJECT_CONVERSION = YES_AGGRESSIVE;
				CLANG_CXX_LANGUAGE_STANDARD = "gnu++20";
				CLANG_ENABLE_MODULES = YES;
				CLANG_ENABLE_OBJC_ARC = YES;
				CLANG_ENABLE_OBJC_WEAK = YES;
				CLANG_WARN_BLOCK_CAPTURE_AUTORELEASING = YES;
				CLANG_WARN_BOOL_CONVERSION = YES;
				CLANG_WARN_COMMA = YES;
				CLANG_WARN_CONSTANT_CONVERSION = YES;
				CLANG_WARN_DEPRECATED_OBJC_IMPLEMENTATIONS = YES;
				CLANG_WARN_DIRECT_OBJC_ISA_USAGE = YES_ERROR;
				CLANG_WARN_DOCUMENTATION_COMMENTS = YES;
				CLANG_WARN_EMPTY_BODY = YES;
				CLANG_WARN_ENUM_CONVERSION = YES;
				CLANG_WARN_INFINITE_RECURSION = YES;
				CLANG_WARN_INT_CONVERSION = YES;
				CLANG_WARN_NON_LITERAL_NULL_CONVERSION = YES;
				CLANG_WARN_OBJC_IMPLICIT_RETAIN_SELF = YES;
				CLANG_WARN_OBJC_LITERAL_CONVERSION = YES;
				CLANG_WARN_OBJC_ROOT_CLASS = YES_ERROR;
				CLANG_WARN_QUOTED_INCLUDE_IN_FRAMEWORK_HEADER = YES;
				CLANG_WARN_RANGE_LOOP_ANALYSIS = YES;
				CLANG_WARN_STRICT_PROTOTYPES = YES;
				CLANG_WARN_SUSPICIOUS_MOVE = YES;
				CLANG_WARN_UNGUARDED_AVAILABILITY = YES_AGGRESSIVE;
				CLANG_WARN_UNREACHABLE_CODE = YES;
				CLANG_WARN__DUPLICATE_METHOD_MATCH = YES;
				COPY_PHASE_STRIP = NO;
				DEBUG_INFORMATION_FORMAT = "dwarf-with-dsym";
				ENABLE_NS_ASSERTIONS = NO;
				ENABLE_STRICT_OBJC_MSGSEND = YES;
				ENABLE_USER_SCRIPT_SANDBOXING = YES;
				GCC_C_LANGUAGE_STANDARD = gnu17;
				GCC_NO_COMMON_BLOCKS = YES;
				GCC_WARN_64_TO_32_BIT_CONVERSION = YES;
				GCC_WARN_ABOUT_RETURN_TYPE = YES_ERROR;
				GCC_WARN_UNDECLARED_SELECTOR = YES;
				GCC_WARN_UNINITIALIZED_AUTOS = YES_AGGRESSIVE;
				GCC_WARN_UNUSED_FUNCTION = YES;
				GCC_WARN_UNUSED_VARIABLE = YES;
				IPHONEOS_DEPLOYMENT_TARGET = 17.0;
				LOCALIZATION_PREFERS_STRING_CATALOGS = YES;
				MTL_ENABLE_DEBUG_INFO = NO;
				MTL_FAST_MATH = YES;
				SDKROOT = iphoneos;
				SWIFT_COMPILATION_MODE = wholemodule;
				VALIDATE_PRODUCT = YES;
			};
			name = Release;
		};
		E6F361AA2AE035CF003C832A /* Debug */ = {
			isa = XCBuildConfiguration;
			buildSettings = {
				ASSETCATALOG_COMPILER_APPICON_NAME = AppIcon;
				ASSETCATALOG_COMPILER_GLOBAL_ACCENT_COLOR_NAME = AccentColor;
				CODE_SIGN_STYLE = Automatic;
				CURRENT_PROJECT_VERSION = 1;
				DEVELOPMENT_TEAM = R2ZKT7XPX2;
				GENERATE_INFOPLIST_FILE = YES;
				INFOPLIST_FILE = MyLocations/Info.plist;
				INFOPLIST_KEY_NSLocationWhenInUseUsageDescription = "This app lets you keep track of interesting places. It needs access to the GPS coordinates for your location.";
				INFOPLIST_KEY_UIApplicationSupportsIndirectInputEvents = YES;
				INFOPLIST_KEY_UILaunchStoryboardName = LaunchScreen;
				INFOPLIST_KEY_UIMainStoryboardFile = Main;
				INFOPLIST_KEY_UIRequiredDeviceCapabilities = "location-services gps";
				INFOPLIST_KEY_UISupportedInterfaceOrientations = "UIInterfaceOrientationPortrait UIInterfaceOrientationPortraitUpsideDown";
				INFOPLIST_KEY_UISupportedInterfaceOrientations_iPad = UIInterfaceOrientationPortrait;
				LD_RUNPATH_SEARCH_PATHS = (
					"$(inherited)",
					"@executable_path/Frameworks",
				);
				MARKETING_VERSION = 1.0;
				PRODUCT_BUNDLE_IDENTIFIER = eder.dev.pad.MyLocations;
				PRODUCT_NAME = "$(TARGET_NAME)";
				SWIFT_EMIT_LOC_STRINGS = YES;
				SWIFT_VERSION = 5.0;
				TARGETED_DEVICE_FAMILY = "1,2";
			};
			name = Debug;
		};
		E6F361AB2AE035CF003C832A /* Release */ = {
			isa = XCBuildConfiguration;
			buildSettings = {
				ASSETCATALOG_COMPILER_APPICON_NAME = AppIcon;
				ASSETCATALOG_COMPILER_GLOBAL_ACCENT_COLOR_NAME = AccentColor;
				CODE_SIGN_STYLE = Automatic;
				CURRENT_PROJECT_VERSION = 1;
				DEVELOPMENT_TEAM = R2ZKT7XPX2;
				GENERATE_INFOPLIST_FILE = YES;
				INFOPLIST_FILE = MyLocations/Info.plist;
				INFOPLIST_KEY_NSLocationWhenInUseUsageDescription = "This app lets you keep track of interesting places. It needs access to the GPS coordinates for your location.";
				INFOPLIST_KEY_UIApplicationSupportsIndirectInputEvents = YES;
				INFOPLIST_KEY_UILaunchStoryboardName = LaunchScreen;
				INFOPLIST_KEY_UIMainStoryboardFile = Main;
				INFOPLIST_KEY_UIRequiredDeviceCapabilities = "location-services gps";
				INFOPLIST_KEY_UISupportedInterfaceOrientations = "UIInterfaceOrientationPortrait UIInterfaceOrientationPortraitUpsideDown";
				INFOPLIST_KEY_UISupportedInterfaceOrientations_iPad = UIInterfaceOrientationPortrait;
				LD_RUNPATH_SEARCH_PATHS = (
					"$(inherited)",
					"@executable_path/Frameworks",
				);
				MARKETING_VERSION = 1.0;
				PRODUCT_BUNDLE_IDENTIFIER = eder.dev.pad.MyLocations;
				PRODUCT_NAME = "$(TARGET_NAME)";
				SWIFT_EMIT_LOC_STRINGS = YES;
				SWIFT_VERSION = 5.0;
				TARGETED_DEVICE_FAMILY = "1,2";
			};
			name = Release;
		};
		E6F361AD2AE035CF003C832A /* Debug */ = {
			isa = XCBuildConfiguration;
			buildSettings = {
				ALWAYS_EMBED_SWIFT_STANDARD_LIBRARIES = YES;
				BUNDLE_LOADER = "$(TEST_HOST)";
				CODE_SIGN_STYLE = Automatic;
				CURRENT_PROJECT_VERSION = 1;
				DEVELOPMENT_TEAM = R2ZKT7XPX2;
				GENERATE_INFOPLIST_FILE = YES;
				IPHONEOS_DEPLOYMENT_TARGET = 17.0;
				MARKETING_VERSION = 1.0;
				PRODUCT_BUNDLE_IDENTIFIER = eder.dev.pad.MyLocationsTests;
				PRODUCT_NAME = "$(TARGET_NAME)";
				SWIFT_EMIT_LOC_STRINGS = NO;
				SWIFT_VERSION = 5.0;
				TARGETED_DEVICE_FAMILY = "1,2";
				TEST_HOST = "$(BUILT_PRODUCTS_DIR)/MyLocations.app/$(BUNDLE_EXECUTABLE_FOLDER_PATH)/MyLocations";
			};
			name = Debug;
		};
		E6F361AE2AE035CF003C832A /* Release */ = {
			isa = XCBuildConfiguration;
			buildSettings = {
				ALWAYS_EMBED_SWIFT_STANDARD_LIBRARIES = YES;
				BUNDLE_LOADER = "$(TEST_HOST)";
				CODE_SIGN_STYLE = Automatic;
				CURRENT_PROJECT_VERSION = 1;
				DEVELOPMENT_TEAM = R2ZKT7XPX2;
				GENERATE_INFOPLIST_FILE = YES;
				IPHONEOS_DEPLOYMENT_TARGET = 17.0;
				MARKETING_VERSION = 1.0;
				PRODUCT_BUNDLE_IDENTIFIER = eder.dev.pad.MyLocationsTests;
				PRODUCT_NAME = "$(TARGET_NAME)";
				SWIFT_EMIT_LOC_STRINGS = NO;
				SWIFT_VERSION = 5.0;
				TARGETED_DEVICE_FAMILY = "1,2";
				TEST_HOST = "$(BUILT_PRODUCTS_DIR)/MyLocations.app/$(BUNDLE_EXECUTABLE_FOLDER_PATH)/MyLocations";
			};
			name = Release;
		};
		E6F361B02AE035CF003C832A /* Debug */ = {
			isa = XCBuildConfiguration;
			buildSettings = {
				ALWAYS_EMBED_SWIFT_STANDARD_LIBRARIES = YES;
				CODE_SIGN_STYLE = Automatic;
				CURRENT_PROJECT_VERSION = 1;
				DEVELOPMENT_TEAM = R2ZKT7XPX2;
				GENERATE_INFOPLIST_FILE = YES;
				MARKETING_VERSION = 1.0;
				PRODUCT_BUNDLE_IDENTIFIER = eder.dev.pad.MyLocationsUITests;
				PRODUCT_NAME = "$(TARGET_NAME)";
				SWIFT_EMIT_LOC_STRINGS = NO;
				SWIFT_VERSION = 5.0;
				TARGETED_DEVICE_FAMILY = "1,2";
				TEST_TARGET_NAME = MyLocations;
			};
			name = Debug;
		};
		E6F361B12AE035CF003C832A /* Release */ = {
			isa = XCBuildConfiguration;
			buildSettings = {
				ALWAYS_EMBED_SWIFT_STANDARD_LIBRARIES = YES;
				CODE_SIGN_STYLE = Automatic;
				CURRENT_PROJECT_VERSION = 1;
				DEVELOPMENT_TEAM = R2ZKT7XPX2;
				GENERATE_INFOPLIST_FILE = YES;
				MARKETING_VERSION = 1.0;
				PRODUCT_BUNDLE_IDENTIFIER = eder.dev.pad.MyLocationsUITests;
				PRODUCT_NAME = "$(TARGET_NAME)";
				SWIFT_EMIT_LOC_STRINGS = NO;
				SWIFT_VERSION = 5.0;
				TARGETED_DEVICE_FAMILY = "1,2";
				TEST_TARGET_NAME = MyLocations;
			};
			name = Release;
		};
/* End XCBuildConfiguration section */

/* Begin XCConfigurationList section */
		E6F3617A2AE035CC003C832A /* Build configuration list for PBXProject "MyLocations" */ = {
			isa = XCConfigurationList;
			buildConfigurations = (
				E6F361A72AE035CF003C832A /* Debug */,
				E6F361A82AE035CF003C832A /* Release */,
			);
			defaultConfigurationIsVisible = 0;
			defaultConfigurationName = Release;
		};
		E6F361A92AE035CF003C832A /* Build configuration list for PBXNativeTarget "MyLocations" */ = {
			isa = XCConfigurationList;
			buildConfigurations = (
				E6F361AA2AE035CF003C832A /* Debug */,
				E6F361AB2AE035CF003C832A /* Release */,
			);
			defaultConfigurationIsVisible = 0;
			defaultConfigurationName = Release;
		};
		E6F361AC2AE035CF003C832A /* Build configuration list for PBXNativeTarget "MyLocationsTests" */ = {
			isa = XCConfigurationList;
			buildConfigurations = (
				E6F361AD2AE035CF003C832A /* Debug */,
				E6F361AE2AE035CF003C832A /* Release */,
			);
			defaultConfigurationIsVisible = 0;
			defaultConfigurationName = Release;
		};
		E6F361AF2AE035CF003C832A /* Build configuration list for PBXNativeTarget "MyLocationsUITests" */ = {
			isa = XCConfigurationList;
			buildConfigurations = (
				E6F361B02AE035CF003C832A /* Debug */,
				E6F361B12AE035CF003C832A /* Release */,
			);
			defaultConfigurationIsVisible = 0;
			defaultConfigurationName = Release;
		};
/* End XCConfigurationList section */
	};
	rootObject = E6F361772AE035CC003C832A /* Project object */;
}
